// !$*UTF8*$!
{
	archiveVersion = 1;
	classes = {
	};
	objectVersion = 56;
	objects = {

/* Begin PBXBuildFile section */
		100000000000000000000015 /* LocalsOnlyApp.swift in Sources */ = {isa = PBXBuildFile; fileRef = 100000000000000000000014 /* LocalsOnlyApp.swift */; };
		100000000000000000000017 /* ContentView.swift in Sources */ = {isa = PBXBuildFile; fileRef = 100000000000000000000016 /* ContentView.swift */; };
		10000000000000000000001B /* APIClient.swift in Sources */ = {isa = PBXBuildFile; fileRef = 10000000000000000000001A /* APIClient.swift */; };
		100000000000000000000061 /* PlaceDetailScreen.swift in Sources */ = {isa = PBXBuildFile; fileRef = 100000000000000000000060 /* PlaceDetailScreen.swift */; };
		100000000000000000000063 /* AdminScreen.swift in Sources */ = {isa = PBXBuildFile; fileRef = 100000000000000000000062 /* AdminScreen.swift */; };
		100000000000000000000065 /* FriendsScreen.swift in Sources */ = {isa = PBXBuildFile; fileRef = 100000000000000000000064 /* FriendsScreen.swift */; };
		100000000000000000000067 /* UserProfileScreen.swift in Sources */ = {isa = PBXBuildFile; fileRef = 100000000000000000000066 /* UserProfileScreen.swift */; };
		100000000000000000000069 /* MapExploreView.swift in Sources */ = {isa = PBXBuildFile; fileRef = 100000000000000000000068 /* MapExploreView.swift */; };
		10000000000000000000001D /* APIModels.swift in Sources */ = {isa = PBXBuildFile; fileRef = 10000000000000000000001C /* APIModels.swift */; };
		10000000000000000000001F /* SessionStore.swift in Sources */ = {isa = PBXBuildFile; fileRef = 10000000000000000000001E /* SessionStore.swift */; };
		100000000000000000000021 /* ColorTokens.swift in Sources */ = {isa = PBXBuildFile; fileRef = 100000000000000000000020 /* ColorTokens.swift */; };
		100000000000000000000023 /* Typography.swift in Sources */ = {isa = PBXBuildFile; fileRef = 100000000000000000000022 /* Typography.swift */; };
		100000000000000000000025 /* Spacing.swift in Sources */ = {isa = PBXBuildFile; fileRef = 100000000000000000000024 /* Spacing.swift */; };
		100000000000000000000027 /* GlassCard.swift in Sources */ = {isa = PBXBuildFile; fileRef = 100000000000000000000026 /* GlassCard.swift */; };
		100000000000000000000029 /* PrimaryButton.swift in Sources */ = {isa = PBXBuildFile; fileRef = 100000000000000000000028 /* PrimaryButton.swift */; };
		10000000000000000000002B /* SecondaryButton.swift in Sources */ = {isa = PBXBuildFile; fileRef = 10000000000000000000002A /* SecondaryButton.swift */; };
		10000000000000000000002D /* StatePill.swift in Sources */ = {isa = PBXBuildFile; fileRef = 10000000000000000000002C /* StatePill.swift */; };
		10000000000000000000002F /* ScoreSlider.swift in Sources */ = {isa = PBXBuildFile; fileRef = 10000000000000000000002E /* ScoreSlider.swift */; };
		100000000000000000000031 /* PlaceCard.swift in Sources */ = {isa = PBXBuildFile; fileRef = 100000000000000000000030 /* PlaceCard.swift */; };
		100000000000000000000033 /* RatingCard.swift in Sources */ = {isa = PBXBuildFile; fileRef = 100000000000000000000032 /* RatingCard.swift */; };
		100000000000000000000035 /* EmptyStateView.swift in Sources */ = {isa = PBXBuildFile; fileRef = 100000000000000000000034 /* EmptyStateView.swift */; };
		100000000000000000000037 /* LoadingShimmer.swift in Sources */ = {isa = PBXBuildFile; fileRef = 100000000000000000000036 /* LoadingShimmer.swift */; };
		100000000000000000000039 /* EligibilityBanner.swift in Sources */ = {isa = PBXBuildFile; fileRef = 100000000000000000000038 /* EligibilityBanner.swift */; };
		10000000000000000000003B /* ToastView.swift in Sources */ = {isa = PBXBuildFile; fileRef = 10000000000000000000003A /* ToastView.swift */; };
		10000000000000000000003D /* RootView.swift in Sources */ = {isa = PBXBuildFile; fileRef = 10000000000000000000003C /* RootView.swift */; };
		10000000000000000000003F /* AuthScreen.swift in Sources */ = {isa = PBXBuildFile; fileRef = 10000000000000000000003E /* AuthScreen.swift */; };
		100000000000000000000041 /* FeedScreen.swift in Sources */ = {isa = PBXBuildFile; fileRef = 100000000000000000000040 /* FeedScreen.swift */; };
		100000000000000000000043 /* ExploreScreen.swift in Sources */ = {isa = PBXBuildFile; fileRef = 100000000000000000000042 /* ExploreScreen.swift */; };
		100000000000000000000045 /* RateScreen.swift in Sources */ = {isa = PBXBuildFile; fileRef = 100000000000000000000044 /* RateScreen.swift */; };
		100000000000000000000047 /* ProfileScreen.swift in Sources */ = {isa = PBXBuildFile; fileRef = 100000000000000000000046 /* ProfileScreen.swift */; };
		100000000000000000000049 /* SessionManager.swift in Sources */ = {isa = PBXBuildFile; fileRef = 100000000000000000000048 /* SessionManager.swift */; };
		10000000000000000000004B /* FeedViewModel.swift in Sources */ = {isa = PBXBuildFile; fileRef = 10000000000000000000004A /* FeedViewModel.swift */; };
		10000000000000000000004D /* ExploreViewModel.swift in Sources */ = {isa = PBXBuildFile; fileRef = 10000000000000000000004C /* ExploreViewModel.swift */; };
		10000000000000000000004F /* RateViewModel.swift in Sources */ = {isa = PBXBuildFile; fileRef = 10000000000000000000004E /* RateViewModel.swift */; };
		100000000000000000000051 /* ProfileViewModel.swift in Sources */ = {isa = PBXBuildFile; fileRef = 100000000000000000000050 /* ProfileViewModel.swift */; };
		100000000000000000000071 /* Assets.xcassets in Resources */ = {isa = PBXBuildFile; fileRef = 100000000000000000000070 /* Assets.xcassets */; };
		100000000000000000000073 /* Illustrations.swift in Sources */ = {isa = PBXBuildFile; fileRef = 100000000000000000000072 /* Illustrations.swift */; };
		100000000000000000000075 /* BrandLockupView.swift in Sources */ = {isa = PBXBuildFile; fileRef = 100000000000000000000074 /* BrandLockupView.swift */; };
		100000000000000000000077 /* WavesLoadingView.swift in Sources */ = {isa = PBXBuildFile; fileRef = 100000000000000000000076 /* WavesLoadingView.swift */; };
		100000000000000000000079 /* ImageTileCard.swift in Sources */ = {isa = PBXBuildFile; fileRef = 100000000000000000000078 /* ImageTileCard.swift */; };
		10000000000000000000007B /* FeedPhotoCard.swift in Sources */ = {isa = PBXBuildFile; fileRef = 10000000000000000000007A /* FeedPhotoCard.swift */; };
		100000000000000000000091 /* SocialFeedCard.swift in Sources */ = {isa = PBXBuildFile; fileRef = 100000000000000000000090 /* SocialFeedCard.swift */; };
		10000000000000000000007D /* CategoryFilterStrip.swift in Sources */ = {isa = PBXBuildFile; fileRef = 10000000000000000000007C /* CategoryFilterStrip.swift */; };
		100000000000000000000081 /* FullScreenPhotoViewer.swift in Sources */ = {isa = PBXBuildFile; fileRef = 100000000000000000000080 /* FullScreenPhotoViewer.swift */; };
		100000000000000000000083 /* NotificationsScreen.swift in Sources */ = {isa = PBXBuildFile; fileRef = 100000000000000000000082 /* NotificationsScreen.swift */; };
		100000000000000000000085 /* SavedPlacesScreen.swift in Sources */ = {isa = PBXBuildFile; fileRef = 100000000000000000000084 /* SavedPlacesScreen.swift */; };
		100000000000000000000087 /* ListsScreen.swift in Sources */ = {isa = PBXBuildFile; fileRef = 100000000000000000000086 /* ListsScreen.swift */; };
		100000000000000000000089 /* InviteScreen.swift in Sources */ = {isa = PBXBuildFile; fileRef = 100000000000000000000088 /* InviteScreen.swift */; };
		10000000000000000000008B /* OnboardingScreen.swift in Sources */ = {isa = PBXBuildFile; fileRef = 10000000000000000000008A /* OnboardingScreen.swift */; };
		10000000000000000000008D /* Colors.xcassets in Resources */ = {isa = PBXBuildFile; fileRef = 10000000000000000000008C /* Colors.xcassets */; };
		100000000000000000000094 /* CoastalTabBar.swift in Sources */ = {isa = PBXBuildFile; fileRef = 100000000000000000000093 /* CoastalTabBar.swift */; };
		100000000000000000000096 /* AppLinks.swift in Sources */ = {isa = PBXBuildFile; fileRef = 100000000000000000000095 /* AppLinks.swift */; };
		100000000000000000000098 /* SettingsScreen.swift in Sources */ = {isa = PBXBuildFile; fileRef = 100000000000000000000097 /* SettingsScreen.swift */; };
/* End PBXBuildFile section */

/* Begin PBXFileReference section */
		10000000000000000000000D /* LocalsOnlyApp.app */ = {isa = PBXFileReference; explicitFileType = wrapper.application; includeInIndex = 0; path = LocalsOnlyApp.app; sourceTree = BUILT_PRODUCTS_DIR; };
		100000000000000000000014 /* LocalsOnlyApp.swift */ = {isa = PBXFileReference; lastKnownFileType = sourcecode.swift; path = LocalsOnlyApp.swift; sourceTree = "<group>"; };
		100000000000000000000016 /* ContentView.swift */ = {isa = PBXFileReference; lastKnownFileType = sourcecode.swift; path = ContentView.swift; sourceTree = "<group>"; };
		10000000000000000000001A /* APIClient.swift */ = {isa = PBXFileReference; lastKnownFileType = sourcecode.swift; path = APIClient.swift; sourceTree = "<group>"; };
		100000000000000000000060 /* PlaceDetailScreen.swift */ = {isa = PBXFileReference; lastKnownFileType = sourcecode.swift; path = PlaceDetailScreen.swift; sourceTree = "<group>"; };
		100000000000000000000062 /* AdminScreen.swift */ = {isa = PBXFileReference; lastKnownFileType = sourcecode.swift; path = AdminScreen.swift; sourceTree = "<group>"; };
		100000000000000000000064 /* FriendsScreen.swift */ = {isa = PBXFileReference; lastKnownFileType = sourcecode.swift; path = FriendsScreen.swift; sourceTree = "<group>"; };
		100000000000000000000066 /* UserProfileScreen.swift */ = {isa = PBXFileReference; lastKnownFileType = sourcecode.swift; path = UserProfileScreen.swift; sourceTree = "<group>"; };
		100000000000000000000068 /* MapExploreView.swift */ = {isa = PBXFileReference; lastKnownFileType = sourcecode.swift; path = MapExploreView.swift; sourceTree = "<group>"; };
		10000000000000000000001C /* APIModels.swift */ = {isa = PBXFileReference; lastKnownFileType = sourcecode.swift; path = APIModels.swift; sourceTree = "<group>"; };
		10000000000000000000001E /* SessionStore.swift */ = {isa = PBXFileReference; lastKnownFileType = sourcecode.swift; path = SessionStore.swift; sourceTree = "<group>"; };
		100000000000000000000020 /* ColorTokens.swift */ = {isa = PBXFileReference; lastKnownFileType = sourcecode.swift; path = ColorTokens.swift; sourceTree = "<group>"; };
		100000000000000000000022 /* Typography.swift */ = {isa = PBXFileReference; lastKnownFileType = sourcecode.swift; path = Typography.swift; sourceTree = "<group>"; };
		100000000000000000000024 /* Spacing.swift */ = {isa = PBXFileReference; lastKnownFileType = sourcecode.swift; path = Spacing.swift; sourceTree = "<group>"; };
		100000000000000000000026 /* GlassCard.swift */ = {isa = PBXFileReference; lastKnownFileType = sourcecode.swift; path = GlassCard.swift; sourceTree = "<group>"; };
		100000000000000000000028 /* PrimaryButton.swift */ = {isa = PBXFileReference; lastKnownFileType = sourcecode.swift; path = PrimaryButton.swift; sourceTree = "<group>"; };
		10000000000000000000002A /* SecondaryButton.swift */ = {isa = PBXFileReference; lastKnownFileType = sourcecode.swift; path = SecondaryButton.swift; sourceTree = "<group>"; };
		10000000000000000000002C /* StatePill.swift */ = {isa = PBXFileReference; lastKnownFileType = sourcecode.swift; path = StatePill.swift; sourceTree = "<group>"; };
		10000000000000000000002E /* ScoreSlider.swift */ = {isa = PBXFileReference; lastKnownFileType = sourcecode.swift; path = ScoreSlider.swift; sourceTree = "<group>"; };
		100000000000000000000030 /* PlaceCard.swift */ = {isa = PBXFileReference; lastKnownFileType = sourcecode.swift; path = PlaceCard.swift; sourceTree = "<group>"; };
		100000000000000000000032 /* RatingCard.swift */ = {isa = PBXFileReference; lastKnownFileType = sourcecode.swift; path = RatingCard.swift; sourceTree = "<group>"; };
		100000000000000000000034 /* EmptyStateView.swift */ = {isa = PBXFileReference; lastKnownFileType = sourcecode.swift; path = EmptyStateView.swift; sourceTree = "<group>"; };
		100000000000000000000036 /* LoadingShimmer.swift */ = {isa = PBXFileReference; lastKnownFileType = sourcecode.swift; path = LoadingShimmer.swift; sourceTree = "<group>"; };
		100000000000000000000038 /* EligibilityBanner.swift */ = {isa = PBXFileReference; lastKnownFileType = sourcecode.swift; path = EligibilityBanner.swift; sourceTree = "<group>"; };
		10000000000000000000003A /* ToastView.swift */ = {isa = PBXFileReference; lastKnownFileType = sourcecode.swift; path = ToastView.swift; sourceTree = "<group>"; };
		10000000000000000000003C /* RootView.swift */ = {isa = PBXFileReference; lastKnownFileType = sourcecode.swift; path = RootView.swift; sourceTree = "<group>"; };
		10000000000000000000003E /* AuthScreen.swift */ = {isa = PBXFileReference; lastKnownFileType = sourcecode.swift; path = AuthScreen.swift; sourceTree = "<group>"; };
		100000000000000000000040 /* FeedScreen.swift */ = {isa = PBXFileReference; lastKnownFileType = sourcecode.swift; path = FeedScreen.swift; sourceTree = "<group>"; };
		100000000000000000000042 /* ExploreScreen.swift */ = {isa = PBXFileReference; lastKnownFileType = sourcecode.swift; path = ExploreScreen.swift; sourceTree = "<group>"; };
		100000000000000000000044 /* RateScreen.swift */ = {isa = PBXFileReference; lastKnownFileType = sourcecode.swift; path = RateScreen.swift; sourceTree = "<group>"; };
		100000000000000000000046 /* ProfileScreen.swift */ = {isa = PBXFileReference; lastKnownFileType = sourcecode.swift; path = ProfileScreen.swift; sourceTree = "<group>"; };
		100000000000000000000048 /* SessionManager.swift */ = {isa = PBXFileReference; lastKnownFileType = sourcecode.swift; path = SessionManager.swift; sourceTree = "<group>"; };
		10000000000000000000004A /* FeedViewModel.swift */ = {isa = PBXFileReference; lastKnownFileType = sourcecode.swift; path = FeedViewModel.swift; sourceTree = "<group>"; };
		10000000000000000000004C /* ExploreViewModel.swift */ = {isa = PBXFileReference; lastKnownFileType = sourcecode.swift; path = ExploreViewModel.swift; sourceTree = "<group>"; };
		10000000000000000000004E /* RateViewModel.swift */ = {isa = PBXFileReference; lastKnownFileType = sourcecode.swift; path = RateViewModel.swift; sourceTree = "<group>"; };
		100000000000000000000050 /* ProfileViewModel.swift */ = {isa = PBXFileReference; lastKnownFileType = sourcecode.swift; path = ProfileViewModel.swift; sourceTree = "<group>"; };
		100000000000000000000052 /* Info.plist */ = {isa = PBXFileReference; lastKnownFileType = text.plist.xml; path = Info.plist; sourceTree = "<group>"; };
		100000000000000000000070 /* Assets.xcassets */ = {isa = PBXFileReference; lastKnownFileType = folder.assetcatalog; path = Assets.xcassets; sourceTree = "<group>"; };
		100000000000000000000072 /* Illustrations.swift */ = {isa = PBXFileReference; lastKnownFileType = sourcecode.swift; path = Illustrations.swift; sourceTree = "<group>"; };
		100000000000000000000074 /* BrandLockupView.swift */ = {isa = PBXFileReference; lastKnownFileType = sourcecode.swift; path = BrandLockupView.swift; sourceTree = "<group>"; };
		100000000000000000000076 /* WavesLoadingView.swift */ = {isa = PBXFileReference; lastKnownFileType = sourcecode.swift; path = WavesLoadingView.swift; sourceTree = "<group>"; };
		100000000000000000000078 /* ImageTileCard.swift */ = {isa = PBXFileReference; lastKnownFileType = sourcecode.swift; path = ImageTileCard.swift; sourceTree = "<group>"; };
		10000000000000000000007A /* FeedPhotoCard.swift */ = {isa = PBXFileReference; lastKnownFileType = sourcecode.swift; path = FeedPhotoCard.swift; sourceTree = "<group>"; };
		100000000000000000000090 /* SocialFeedCard.swift */ = {isa = PBXFileReference; lastKnownFileType = sourcecode.swift; path = SocialFeedCard.swift; sourceTree = "<group>"; };
		10000000000000000000007C /* CategoryFilterStrip.swift */ = {isa = PBXFileReference; lastKnownFileType = sourcecode.swift; path = CategoryFilterStrip.swift; sourceTree = "<group>"; };
		100000000000000000000080 /* FullScreenPhotoViewer.swift */ = {isa = PBXFileReference; lastKnownFileType = sourcecode.swift; path = FullScreenPhotoViewer.swift; sourceTree = "<group>"; };
		100000000000000000000082 /* NotificationsScreen.swift */ = {isa = PBXFileReference; lastKnownFileType = sourcecode.swift; path = NotificationsScreen.swift; sourceTree = "<group>"; };
		100000000000000000000084 /* SavedPlacesScreen.swift */ = {isa = PBXFileReference; lastKnownFileType = sourcecode.swift; path = SavedPlacesScreen.swift; sourceTree = "<group>"; };
		100000000000000000000086 /* ListsScreen.swift */ = {isa = PBXFileReference; lastKnownFileType = sourcecode.swift; path = ListsScreen.swift; sourceTree = "<group>"; };
		100000000000000000000088 /* InviteScreen.swift */ = {isa = PBXFileReference; lastKnownFileType = sourcecode.swift; path = InviteScreen.swift; sourceTree = "<group>"; };
		10000000000000000000008A /* OnboardingScreen.swift */ = {isa = PBXFileReference; lastKnownFileType = sourcecode.swift; path = OnboardingScreen.swift; sourceTree = "<group>"; };
		10000000000000000000008C /* Colors.xcassets */ = {isa = PBXFileReference; lastKnownFileType = folder.assetcatalog; path = Colors.xcassets; sourceTree = "<group>"; };
		100000000000000000000093 /* CoastalTabBar.swift */ = {isa = PBXFileReference; lastKnownFileType = sourcecode.swift; path = CoastalTabBar.swift; sourceTree = "<group>"; };
		100000000000000000000095 /* AppLinks.swift */ = {isa = PBXFileReference; lastKnownFileType = sourcecode.swift; path = AppLinks.swift; sourceTree = "<group>"; };
		100000000000000000000097 /* SettingsScreen.swift */ = {isa = PBXFileReference; lastKnownFileType = sourcecode.swift; path = SettingsScreen.swift; sourceTree = "<group>"; };
/* End PBXFileReference section */

/* Begin PBXFrameworksBuildPhase section */
		10000000000000000000000A /* Frameworks */ = {
			isa = PBXFrameworksBuildPhase;
			buildActionMask = 2147483647;
			files = (
			);
			runOnlyForDeploymentPostprocessing = 0;
		};
/* End PBXFrameworksBuildPhase section */

/* Begin PBXGroup section */
		100000000000000000000001 = {
			isa = PBXGroup;
			children = (
				100000000000000000000002 /* LocalsOnlyApp */,
				100000000000000000000003 /* Products */,
			);
			sourceTree = "<group>";
		};
		100000000000000000000002 /* LocalsOnlyApp */ = {
			isa = PBXGroup;
			children = (
				100000000000000000000014 /* LocalsOnlyApp.swift */,
				100000000000000000000016 /* ContentView.swift */,
				100000000000000000000052 /* Info.plist */,
				100000000000000000000070 /* Assets.xcassets */,
				100000000000000000000005 /* DesignSystem */,
				100000000000000000000006 /* Components */,
				100000000000000000000007 /* Screens */,
				100000000000000000000008 /* ViewModels */,
				100000000000000000000004 /* Networking */,
			);
			path = LocalsOnlyApp;
			sourceTree = "<group>";
		};
		100000000000000000000003 /* Products */ = {
			isa = PBXGroup;
			children = (
				10000000000000000000000D /* LocalsOnlyApp.app */,
			);
			name = Products;
			sourceTree = "<group>";
		};
		100000000000000000000004 /* Networking */ = {
			isa = PBXGroup;
			children = (
				10000000000000000000001A /* APIClient.swift */,
				10000000000000000000001C /* APIModels.swift */,
				10000000000000000000001E /* SessionStore.swift */,
				100000000000000000000095 /* AppLinks.swift */,
			);
			path = Networking;
			sourceTree = "<group>";
		};
		100000000000000000000005 /* DesignSystem */ = {
			isa = PBXGroup;
			children = (
				100000000000000000000020 /* ColorTokens.swift */,
				100000000000000000000022 /* Typography.swift */,
				100000000000000000000024 /* Spacing.swift */,
				100000000000000000000072 /* Illustrations.swift */,
				10000000000000000000008C /* Colors.xcassets */,
			);
			path = DesignSystem;
			sourceTree = "<group>";
		};
		100000000000000000000006 /* Components */ = {
			isa = PBXGroup;
			children = (
				100000000000000000000026 /* GlassCard.swift */,
				100000000000000000000028 /* PrimaryButton.swift */,
				10000000000000000000002A /* SecondaryButton.swift */,
				10000000000000000000002C /* StatePill.swift */,
				10000000000000000000002E /* ScoreSlider.swift */,
				100000000000000000000030 /* PlaceCard.swift */,
				100000000000000000000032 /* RatingCard.swift */,
				100000000000000000000034 /* EmptyStateView.swift */,
				100000000000000000000036 /* LoadingShimmer.swift */,
				100000000000000000000038 /* EligibilityBanner.swift */,
				10000000000000000000003A /* ToastView.swift */,
				100000000000000000000074 /* BrandLockupView.swift */,
				100000000000000000000076 /* WavesLoadingView.swift */,
				100000000000000000000078 /* ImageTileCard.swift */,
				10000000000000000000007A /* FeedPhotoCard.swift */,
				100000000000000000000090 /* SocialFeedCard.swift */,
				10000000000000000000007C /* CategoryFilterStrip.swift */,
				100000000000000000000080 /* FullScreenPhotoViewer.swift */,
				100000000000000000000093 /* CoastalTabBar.swift */,
			);
			path = Components;
			sourceTree = "<group>";
		};
		100000000000000000000007 /* Screens */ = {
			isa = PBXGroup;
			children = (
				10000000000000000000003C /* RootView.swift */,
				10000000000000000000003E /* AuthScreen.swift */,
				100000000000000000000040 /* FeedScreen.swift */,
				100000000000000000000042 /* ExploreScreen.swift */,
				100000000000000000000044 /* RateScreen.swift */,
				100000000000000000000046 /* ProfileScreen.swift */,
				100000000000000000000060 /* PlaceDetailScreen.swift */,
				100000000000000000000062 /* AdminScreen.swift */,
				100000000000000000000064 /* FriendsScreen.swift */,
				100000000000000000000066 /* UserProfileScreen.swift */,
				100000000000000000000068 /* MapExploreView.swift */,
				100000000000000000000082 /* NotificationsScreen.swift */,
				100000000000000000000084 /* SavedPlacesScreen.swift */,
				100000000000000000000086 /* ListsScreen.swift */,
				100000000000000000000088 /* InviteScreen.swift */,
				10000000000000000000008A /* OnboardingScreen.swift */,
				100000000000000000000097 /* SettingsScreen.swift */,
			);
			path = Screens;
			sourceTree = "<group>";
		};
		100000000000000000000008 /* ViewModels */ = {
			isa = PBXGroup;
			children = (
				100000000000000000000048 /* SessionManager.swift */,
				10000000000000000000004A /* FeedViewModel.swift */,
				10000000000000000000004C /* ExploreViewModel.swift */,
				10000000000000000000004E /* RateViewModel.swift */,
				100000000000000000000050 /* ProfileViewModel.swift */,
			);
			path = ViewModels;
			sourceTree = "<group>";
		};
/* End PBXGroup section */

/* Begin PBXNativeTarget section */
		100000000000000000000009 /* LocalsOnlyApp */ = {
			isa = PBXNativeTarget;
			buildConfigurationList = 10000000000000000000000F /* Build configuration list for PBXNativeTarget "LocalsOnlyApp" */;
			buildPhases = (
				10000000000000000000000B /* Sources */,
				10000000000000000000000A /* Frameworks */,
				10000000000000000000000C /* Resources */,
			);
			buildRules = (
			);
			dependencies = (
			);
			name = LocalsOnlyApp;
			productName = LocalsOnlyApp;
			productReference = 10000000000000000000000D /* LocalsOnlyApp.app */;
			productType = "com.apple.product-type.application";
		};
/* End PBXNativeTarget section */

/* Begin PBXProject section */
		100000000000000000000000 /* Project object */ = {
			isa = PBXProject;
			attributes = {
				BuildIndependentTargetsInParallel = 1;
				LastSwiftUpdateCheck = 1600;
				LastUpgradeCheck = 2630;
				TargetAttributes = {
					100000000000000000000009 = {
						CreatedOnToolsVersion = 16.0;
					};
				};
			};
			buildConfigurationList = 10000000000000000000000E /* Build configuration list for PBXProject "LocalsOnlyApp" */;
			compatibilityVersion = "Xcode 14.0";
			developmentRegion = en;
			hasScannedForEncodings = 0;
			knownRegions = (
				en,
				Base,
			);
			mainGroup = 100000000000000000000001;
			productRefGroup = 100000000000000000000003 /* Products */;
			projectDirPath = "";
			projectRoot = "";
			targets = (
				100000000000000000000009 /* LocalsOnlyApp */,
			);
		};
/* End PBXProject section */

/* Begin PBXResourcesBuildPhase section */
		10000000000000000000000C /* Resources */ = {
			isa = PBXResourcesBuildPhase;
			buildActionMask = 2147483647;
			files = (
				100000000000000000000071 /* Assets.xcassets in Resources */,
				10000000000000000000008D /* Colors.xcassets in Resources */,
			);
			runOnlyForDeploymentPostprocessing = 0;
		};
/* End PBXResourcesBuildPhase section */

/* Begin PBXSourcesBuildPhase section */
		10000000000000000000000B /* Sources */ = {
			isa = PBXSourcesBuildPhase;
			buildActionMask = 2147483647;
			files = (
				100000000000000000000015 /* LocalsOnlyApp.swift in Sources */,
				100000000000000000000017 /* ContentView.swift in Sources */,
				10000000000000000000001B /* APIClient.swift in Sources */,
				100000000000000000000061 /* PlaceDetailScreen.swift in Sources */,
				100000000000000000000063 /* AdminScreen.swift in Sources */,
				10000000000000000000001D /* APIModels.swift in Sources */,
				10000000000000000000001F /* SessionStore.swift in Sources */,
				100000000000000000000021 /* ColorTokens.swift in Sources */,
				100000000000000000000023 /* Typography.swift in Sources */,
				100000000000000000000025 /* Spacing.swift in Sources */,
				100000000000000000000027 /* GlassCard.swift in Sources */,
				100000000000000000000029 /* PrimaryButton.swift in Sources */,
				10000000000000000000002B /* SecondaryButton.swift in Sources */,
				10000000000000000000002D /* StatePill.swift in Sources */,
				10000000000000000000002F /* ScoreSlider.swift in Sources */,
				100000000000000000000031 /* PlaceCard.swift in Sources */,
				100000000000000000000033 /* RatingCard.swift in Sources */,
				100000000000000000000035 /* EmptyStateView.swift in Sources */,
				100000000000000000000037 /* LoadingShimmer.swift in Sources */,
				100000000000000000000039 /* EligibilityBanner.swift in Sources */,
				10000000000000000000003B /* ToastView.swift in Sources */,
				10000000000000000000003D /* RootView.swift in Sources */,
				10000000000000000000003F /* AuthScreen.swift in Sources */,
				100000000000000000000041 /* FeedScreen.swift in Sources */,
				100000000000000000000043 /* ExploreScreen.swift in Sources */,
				100000000000000000000045 /* RateScreen.swift in Sources */,
				100000000000000000000047 /* ProfileScreen.swift in Sources */,
				100000000000000000000049 /* SessionManager.swift in Sources */,
				10000000000000000000004B /* FeedViewModel.swift in Sources */,
				10000000000000000000004D /* ExploreViewModel.swift in Sources */,
				10000000000000000000004F /* RateViewModel.swift in Sources */,
				100000000000000000000051 /* ProfileViewModel.swift in Sources */,
				100000000000000000000065 /* FriendsScreen.swift in Sources */,
				100000000000000000000067 /* UserProfileScreen.swift in Sources */,
				100000000000000000000069 /* MapExploreView.swift in Sources */,
				100000000000000000000073 /* Illustrations.swift in Sources */,
				100000000000000000000075 /* BrandLockupView.swift in Sources */,
				100000000000000000000077 /* WavesLoadingView.swift in Sources */,
				100000000000000000000079 /* ImageTileCard.swift in Sources */,
				10000000000000000000007B /* FeedPhotoCard.swift in Sources */,
				100000000000000000000091 /* SocialFeedCard.swift in Sources */,
				10000000000000000000007D /* CategoryFilterStrip.swift in Sources */,
				100000000000000000000081 /* FullScreenPhotoViewer.swift in Sources */,
				100000000000000000000083 /* NotificationsScreen.swift in Sources */,
				100000000000000000000085 /* SavedPlacesScreen.swift in Sources */,
				100000000000000000000087 /* ListsScreen.swift in Sources */,
				100000000000000000000089 /* InviteScreen.swift in Sources */,
				10000000000000000000008B /* OnboardingScreen.swift in Sources */,
				100000000000000000000094 /* CoastalTabBar.swift in Sources */,
				100000000000000000000096 /* AppLinks.swift in Sources */,
				100000000000000000000098 /* SettingsScreen.swift in Sources */,
			);
			runOnlyForDeploymentPostprocessing = 0;
		};
/* End PBXSourcesBuildPhase section */

/* Begin XCBuildConfiguration section */
		100000000000000000000010 /* Debug */ = {
			isa = XCBuildConfiguration;
			buildSettings = {
				ALWAYS_SEARCH_USER_PATHS = NO;
				CLANG_ENABLE_MODULES = YES;
				CLANG_ENABLE_OBJC_ARC = YES;
				CLANG_WARN_BLOCK_CAPTURE_AUTORELEASING = YES;
				CLANG_WARN_BOOL_CONVERSION = YES;
				CLANG_WARN_COMMA = YES;
				CLANG_WARN_CONSTANT_CONVERSION = YES;
				CLANG_WARN_DEPRECATED_OBJC_IMPLEMENTATIONS = YES;
				CLANG_WARN_EMPTY_BODY = YES;
				CLANG_WARN_ENUM_CONVERSION = YES;
				CLANG_WARN_INFINITE_RECURSION = YES;
				CLANG_WARN_INT_CONVERSION = YES;
				CLANG_WARN_NON_LITERAL_NULL_CONVERSION = YES;
				CLANG_WARN_OBJC_IMPLICIT_RETAIN_SELF = YES;
				CLANG_WARN_OBJC_LITERAL_CONVERSION = YES;
				CLANG_WARN_QUOTED_INCLUDE_IN_FRAMEWORK_HEADER = YES;
				CLANG_WARN_RANGE_LOOP_ANALYSIS = YES;
				CLANG_WARN_STRICT_PROTOTYPES = YES;
				CLANG_WARN_SUSPICIOUS_MOVE = YES;
				CLANG_WARN_UNREACHABLE_CODE = YES;
				CLANG_WARN__DUPLICATE_METHOD_MATCH = YES;
				COPY_PHASE_STRIP = NO;
				DEBUG_INFORMATION_FORMAT = dwarf;
				DEVELOPMENT_TEAM = Y9H4MZWXM6;
				ENABLE_STRICT_OBJC_MSGSEND = YES;
				ENABLE_TESTABILITY = YES;
				ENABLE_USER_SCRIPT_SANDBOXING = YES;
				GCC_C_LANGUAGE_STANDARD = gnu17;
				GCC_NO_COMMON_BLOCKS = YES;
				GCC_OPTIMIZATION_LEVEL = 0;
				GCC_PREPROCESSOR_DEFINITIONS = (
					"DEBUG=1",
					"$(inherited)",
				);
				GCC_WARN_64_TO_32_BIT_CONVERSION = YES;
				GCC_WARN_ABOUT_RETURN_TYPE = YES;
				GCC_WARN_UNDECLARED_SELECTOR = YES;
				GCC_WARN_UNINITIALIZED_AUTOS = YES;
				GCC_WARN_UNUSED_FUNCTION = YES;
				GCC_WARN_UNUSED_VARIABLE = YES;
				MTL_ENABLE_DEBUG_INFO = INCLUDE_SOURCE;
				ONLY_ACTIVE_ARCH = YES;
				SDKROOT = iphoneos;
				STRING_CATALOG_GENERATE_SYMBOLS = YES;
				SWIFT_ACTIVE_COMPILATION_CONDITIONS = DEBUG;
				SWIFT_OPTIMIZATION_LEVEL = "-Onone";
			};
			name = Debug;
		};
		100000000000000000000011 /* Release */ = {
			isa = XCBuildConfiguration;
			buildSettings = {
				ALWAYS_SEARCH_USER_PATHS = NO;
				CLANG_ENABLE_MODULES = YES;
				CLANG_ENABLE_OBJC_ARC = YES;
				CLANG_WARN_BLOCK_CAPTURE_AUTORELEASING = YES;
				CLANG_WARN_BOOL_CONVERSION = YES;
				CLANG_WARN_COMMA = YES;
				CLANG_WARN_CONSTANT_CONVERSION = YES;
				CLANG_WARN_DEPRECATED_OBJC_IMPLEMENTATIONS = YES;
				CLANG_WARN_EMPTY_BODY = YES;
				CLANG_WARN_ENUM_CONVERSION = YES;
				CLANG_WARN_INFINITE_RECURSION = YES;
				CLANG_WARN_INT_CONVERSION = YES;
				CLANG_WARN_NON_LITERAL_NULL_CONVERSION = YES;
				CLANG_WARN_OBJC_IMPLICIT_RETAIN_SELF = YES;
				CLANG_WARN_OBJC_LITERAL_CONVERSION = YES;
				CLANG_WARN_QUOTED_INCLUDE_IN_FRAMEWORK_HEADER = YES;
				CLANG_WARN_RANGE_LOOP_ANALYSIS = YES;
				CLANG_WARN_STRICT_PROTOTYPES = YES;
				CLANG_WARN_SUSPICIOUS_MOVE = YES;
				CLANG_WARN_UNREACHABLE_CODE = YES;
				CLANG_WARN__DUPLICATE_METHOD_MATCH = YES;
				COPY_PHASE_STRIP = NO;
				DEBUG_INFORMATION_FORMAT = "dwarf-with-dsym";
				DEVELOPMENT_TEAM = Y9H4MZWXM6;
				ENABLE_NS_ASSERTIONS = NO;
				ENABLE_STRICT_OBJC_MSGSEND = YES;
				ENABLE_USER_SCRIPT_SANDBOXING = YES;
				GCC_C_LANGUAGE_STANDARD = gnu17;
				GCC_NO_COMMON_BLOCKS = YES;
				GCC_WARN_64_TO_32_BIT_CONVERSION = YES;
				GCC_WARN_ABOUT_RETURN_TYPE = YES;
				GCC_WARN_UNDECLARED_SELECTOR = YES;
				GCC_WARN_UNINITIALIZED_AUTOS = YES;
				GCC_WARN_UNUSED_FUNCTION = YES;
				GCC_WARN_UNUSED_VARIABLE = YES;
				MTL_ENABLE_DEBUG_INFO = NO;
				SDKROOT = iphoneos;
				STRING_CATALOG_GENERATE_SYMBOLS = YES;
				SWIFT_COMPILATION_MODE = wholemodule;
				VALIDATE_PRODUCT = YES;
			};
			name = Release;
		};
		100000000000000000000012 /* Debug */ = {
			isa = XCBuildConfiguration;
			buildSettings = {
				ASSETCATALOG_COMPILER_APPICON_NAME = AppIcon;
				CODE_SIGN_STYLE = Automatic;
				CURRENT_PROJECT_VERSION = 1;
				INFOPLIST_FILE = LocalsOnlyApp/Info.plist;
				IPHONEOS_DEPLOYMENT_TARGET = 17.0;
				LD_RUNPATH_SEARCH_PATHS = (
					"$(inherited)",
					"@executable_path/Frameworks",
				);
				MARKETING_VERSION = 1.0;
				PRODUCT_BUNDLE_IDENTIFIER = com.localsonly.app;
				PRODUCT_NAME = "$(TARGET_NAME)";
				SUPPORTED_PLATFORMS = "iphoneos iphonesimulator";
				SWIFT_EMIT_LOC_STRINGS = YES;
				SWIFT_VERSION = 5.0;
				TARGETED_DEVICE_FAMILY = "1,2";
			};
			name = Debug;
		};
		100000000000000000000013 /* Release */ = {
			isa = XCBuildConfiguration;
			buildSettings = {
				ASSETCATALOG_COMPILER_APPICON_NAME = AppIcon;
				CODE_SIGN_STYLE = Automatic;
				CURRENT_PROJECT_VERSION = 1;
				INFOPLIST_FILE = LocalsOnlyApp/Info.plist;
				IPHONEOS_DEPLOYMENT_TARGET = 17.0;
				LD_RUNPATH_SEARCH_PATHS = (
					"$(inherited)",
					"@executable_path/Frameworks",
				);
				MARKETING_VERSION = 1.0;
				PRODUCT_BUNDLE_IDENTIFIER = com.localsonly.app;
				PRODUCT_NAME = "$(TARGET_NAME)";
				SUPPORTED_PLATFORMS = "iphoneos iphonesimulator";
				SWIFT_EMIT_LOC_STRINGS = YES;
				SWIFT_VERSION = 5.0;
				TARGETED_DEVICE_FAMILY = "1,2";
			};
			name = Release;
		};
/* End XCBuildConfiguration section */

/* Begin XCConfigurationList section */
		10000000000000000000000E /* Build configuration list for PBXProject "LocalsOnlyApp" */ = {
			isa = XCConfigurationList;
			buildConfigurations = (
				100000000000000000000010 /* Debug */,
				100000000000000000000011 /* Release */,
			);
			defaultConfigurationIsVisible = 0;
			defaultConfigurationName = Release;
		};
		10000000000000000000000F /* Build configuration list for PBXNativeTarget "LocalsOnlyApp" */ = {
			isa = XCConfigurationList;
			buildConfigurations = (
				100000000000000000000012 /* Debug */,
				100000000000000000000013 /* Release */,
			);
			defaultConfigurationIsVisible = 0;
			defaultConfigurationName = Release;
		};
/* End XCConfigurationList section */
	};
	rootObject = 100000000000000000000000 /* Project object */;
}
